
Microsoft Visual Studio Solution File, Format Version 12.00
# Visual Studio Version 17
VisualStudioVersion = 17.8.34511.84
MinimumVisualStudioVersion = 10.0.40219.1
Project("{FAE04EC0-301F-11D3-BF4B-00C04F79EFBC}") = "labpokemon", "labpokemon.csproj", "{6E084C12-745A-4A87-BB7F-39D8508B066F}"
EndProject
Global
	GlobalSection(SolutionConfigurationPlatforms) = preSolution
		Debug|Any CPU = Debug|Any CPU
		Release|Any CPU = Release|Any CPU
	EndGlobalSection
	GlobalSection(ProjectConfigurationPlatforms) = postSolution
		{6E084C12-745A-4A87-BB7F-39D8508B066F}.Debug|Any CPU.ActiveCfg = Debug|Any CPU
		{6E084C12-745A-4A87-BB7F-39D8508B066F}.Debug|Any CPU.Build.0 = Debug|Any CPU
		{6E084C12-745A-4A87-BB7F-39D8508B066F}.Release|Any CPU.ActiveCfg = Release|Any CPU
		{6E084C12-745A-4A87-BB7F-39D8508B066F}.Release|Any CPU.Build.0 = Release|Any CPU
	EndGlobalSection
	GlobalSection(SolutionProperties) = preSolution
		HideSolutionNode = FALSE
	EndGlobalSection
	GlobalSection(ExtensibilityGlobals) = postSolution
		SolutionGuid = {89250817-615D-4726-A154-22C761EFEE3E}
	EndGlobalSection
EndGlobal
